{
  "nodes": {
    "cc3d": {
      "inputs": {
        "nixpkgs": "nixpkgs"
      },
      "locked": {
        "lastModified": 1725025351,
        "narHash": "sha256-/ysvxzTzivB9h2F1ipxjMWguSFQIfI9sCL0gyOmo1fc=",
        "ref": "refs/heads/main",
        "rev": "0dc1afc739d9eb1cfc8e1f32994134955dd3cebc",
        "revCount": 4,
        "type": "git",
        "url": "ssh://git@gitlab.tue.nl/20235660/cc3d-flake"
      },
      "original": {
        "type": "git",
        "url": "ssh://git@gitlab.tue.nl/20235660/cc3d-flake"
      }
    },
    "nixpkgs": {
      "locked": {
        "lastModified": 1724819573,
        "narHash": "sha256-GnR7/ibgIH1vhoy8cYdmXE6iyZqKqFxQSVkFgosBh6w=",
        "owner": "nixos",
        "repo": "nixpkgs",
        "rev": "71e91c409d1e654808b2621f28a327acfdad8dc2",
        "type": "github"
      },
      "original": {
        "owner": "nixos",
        "ref": "nixos-unstable",
        "repo": "nixpkgs",
        "type": "github"
      }
    },
    "nixpkgs_2": {
      "locked": {
        "lastModified": 1724819573,
        "narHash": "sha256-GnR7/ibgIH1vhoy8cYdmXE6iyZqKqFxQSVkFgosBh6w=",
        "owner": "nixos",
        "repo": "nixpkgs",
        "rev": "71e91c409d1e654808b2621f28a327acfdad8dc2",
        "type": "github"
      },
      "original": {
        "owner": "nixos",
        "ref": "nixos-unstable",
        "repo": "nixpkgs",
        "type": "github"
      }
    },
    "root": {
      "inputs": {
        "cc3d": "cc3d",
        "nixpkgs": "nixpkgs_2"
      }
    }
  },
  "root": "root",
  "version": 7
}
